
Microsoft Visual Studio Solution File, Format Version 12.00
# Visual Studio Version 17
VisualStudioVersion = 17.3.32929.385
MinimumVisualStudioVersion = 10.0.40219.1
Project("{FAE04EC0-301F-11D3-BF4B-00C04F79EFBC}") = "AppWinForms", "AppWinForms\AppWinForms.csproj", "{15D409AD-4A31-44C0-8218-1B548DE8312E}"
EndProject
Global
	GlobalSection(SolutionConfigurationPlatforms) = preSolution
		Debug|Any CPU = Debug|Any CPU
		Release|Any CPU = Release|Any CPU
	EndGlobalSection
	GlobalSection(ProjectConfigurationPlatforms) = postSolution
		{15D409AD-4A31-44C0-8218-1B548DE8312E}.Debug|Any CPU.ActiveCfg = Debug|Any CPU
		{15D409AD-4A31-44C0-8218-1B548DE8312E}.Debug|Any CPU.Build.0 = Debug|Any CPU
		{15D409AD-4A31-44C0-8218-1B548DE8312E}.Release|Any CPU.ActiveCfg = Release|Any CPU
		{15D409AD-4A31-44C0-8218-1B548DE8312E}.Release|Any CPU.Build.0 = Release|Any CPU
	EndGlobalSection
	GlobalSection(SolutionProperties) = preSolution
		HideSolutionNode = FALSE
	EndGlobalSection
	GlobalSection(ExtensibilityGlobals) = postSolution
		SolutionGuid = {86A5D91A-F75A-4320-929F-018716321CF6}
	EndGlobalSection
EndGlobal
